
Microsoft Visual Studio Solution File, Format Version 12.00
# Visual Studio Version 17
VisualStudioVersion = 17.5.33627.172
MinimumVisualStudioVersion = 10.0.40219.1
Project("{FAE04EC0-301F-11D3-BF4B-00C04F79EFBC}") = "TelaDeLogin", "TelaDeLogin\TelaDeLogin.csproj", "{18914B54-8C25-4406-958E-C8C29074AF92}"
EndProject
Global
	GlobalSection(SolutionConfigurationPlatforms) = preSolution
		Debug|Any CPU = Debug|Any CPU
		Release|Any CPU = Release|Any CPU
	EndGlobalSection
	GlobalSection(ProjectConfigurationPlatforms) = postSolution
		{18914B54-8C25-4406-958E-C8C29074AF92}.Debug|Any CPU.ActiveCfg = Debug|Any CPU
		{18914B54-8C25-4406-958E-C8C29074AF92}.Debug|Any CPU.Build.0 = Debug|Any CPU
		{18914B54-8C25-4406-958E-C8C29074AF92}.Release|Any CPU.ActiveCfg = Release|Any CPU
		{18914B54-8C25-4406-958E-C8C29074AF92}.Release|Any CPU.Build.0 = Release|Any CPU
	EndGlobalSection
	GlobalSection(SolutionProperties) = preSolution
		HideSolutionNode = FALSE
	EndGlobalSection
	GlobalSection(ExtensibilityGlobals) = postSolution
		SolutionGuid = {BF8EF808-46D9-49B6-99CA-6A6081C5FBAA}
	EndGlobalSection
EndGlobal
